
Microsoft Visual Studio Solution File, Format Version 12.00
# Visual Studio Version 16
VisualStudioVersion = 25.0.1703.1
MinimumVisualStudioVersion = 10.0.40219.1
Project("{FAE04EC0-301F-11D3-BF4B-00C04F79EFBC}") = "congestion-tax-calculator", "congestion-tax-calculator\congestion-tax-calculator.csproj", "{98072F97-4945-4610-8F8D-442203216C47}"
EndProject
Project("{FAE04EC0-301F-11D3-BF4B-00C04F79EFBC}") = "congestion-tax-calculator-net-core", "..\..\Documents\congestion-tax-calculator\netcore\congestion-tax-calculator-net-core.csproj", "{A1D47209-A145-4FBE-BEDC-D202E04F3C72}"
EndProject
Global
	GlobalSection(SolutionConfigurationPlatforms) = preSolution
		Debug|Any CPU = Debug|Any CPU
		Release|Any CPU = Release|Any CPU
	EndGlobalSection
	GlobalSection(ProjectConfigurationPlatforms) = postSolution
		{98072F97-4945-4610-8F8D-442203216C47}.Debug|Any CPU.ActiveCfg = Debug|Any CPU
		{98072F97-4945-4610-8F8D-442203216C47}.Debug|Any CPU.Build.0 = Debug|Any CPU
		{98072F97-4945-4610-8F8D-442203216C47}.Release|Any CPU.ActiveCfg = Release|Any CPU
		{98072F97-4945-4610-8F8D-442203216C47}.Release|Any CPU.Build.0 = Release|Any CPU
		{A1D47209-A145-4FBE-BEDC-D202E04F3C72}.Debug|Any CPU.ActiveCfg = Debug|Any CPU
		{A1D47209-A145-4FBE-BEDC-D202E04F3C72}.Debug|Any CPU.Build.0 = Debug|Any CPU
		{A1D47209-A145-4FBE-BEDC-D202E04F3C72}.Release|Any CPU.ActiveCfg = Release|Any CPU
		{A1D47209-A145-4FBE-BEDC-D202E04F3C72}.Release|Any CPU.Build.0 = Release|Any CPU
	EndGlobalSection
	GlobalSection(SolutionProperties) = preSolution
		HideSolutionNode = FALSE
	EndGlobalSection
	GlobalSection(ExtensibilityGlobals) = postSolution
		SolutionGuid = {54034967-D3CD-417B-95F1-60BCAAD9D731}
	EndGlobalSection
EndGlobal
