
Microsoft Visual Studio Solution File, Format Version 12.00
# Visual Studio Version 16
VisualStudioVersion = 25.0.1703.2
MinimumVisualStudioVersion = 10.0.40219.1
Project("{FAE04EC0-301F-11D3-BF4B-00C04F79EFBC}") = "congestion-tax-calculator-net-core", "congestion-tax-calculator-net-core.csproj", "{EF34DE94-F6DD-42E7-92F6-51EEBE7A45F8}"
EndProject
Global
	GlobalSection(SolutionConfigurationPlatforms) = preSolution
		Debug|Any CPU = Debug|Any CPU
		Release|Any CPU = Release|Any CPU
	EndGlobalSection
	GlobalSection(ProjectConfigurationPlatforms) = postSolution
		{EF34DE94-F6DD-42E7-92F6-51EEBE7A45F8}.Debug|Any CPU.ActiveCfg = Debug|Any CPU
		{EF34DE94-F6DD-42E7-92F6-51EEBE7A45F8}.Debug|Any CPU.Build.0 = Debug|Any CPU
		{EF34DE94-F6DD-42E7-92F6-51EEBE7A45F8}.Release|Any CPU.ActiveCfg = Release|Any CPU
		{EF34DE94-F6DD-42E7-92F6-51EEBE7A45F8}.Release|Any CPU.Build.0 = Release|Any CPU
	EndGlobalSection
	GlobalSection(SolutionProperties) = preSolution
		HideSolutionNode = FALSE
	EndGlobalSection
	GlobalSection(ExtensibilityGlobals) = postSolution
		SolutionGuid = {C046E42B-7F70-438A-A7A8-2DDB78C9C8F2}
	EndGlobalSection
EndGlobal
